
Microsoft Visual Studio Solution File, Format Version 12.00
# Visual Studio Version 16
VisualStudioVersion = 16.0.29613.14
MinimumVisualStudioVersion = 10.0.40219.1
Project("{FAE04EC0-301F-11D3-BF4B-00C04F79EFBC}") = "DiscordBotBay", "DiscordBotBay\DiscordBotBay.csproj", "{F518EEFF-0AE4-4D13-8BB2-ED3440BCA456}"
EndProject
Project("{FAE04EC0-301F-11D3-BF4B-00C04F79EFBC}") = "AutoBot", "AutoBot\AutoBot.csproj", "{9FF4E26D-0B36-4591-8913-4EB2FED48068}"
EndProject
Project("{FAE04EC0-301F-11D3-BF4B-00C04F79EFBC}") = "Common", "Common\Common.csproj", "{36959527-5E7A-4DDE-A228-D55485F9D8C6}"
EndProject
Global
	GlobalSection(SolutionConfigurationPlatforms) = preSolution
		Debug|Any CPU = Debug|Any CPU
		Release|Any CPU = Release|Any CPU
	EndGlobalSection
	GlobalSection(ProjectConfigurationPlatforms) = postSolution
		{F518EEFF-0AE4-4D13-8BB2-ED3440BCA456}.Debug|Any CPU.ActiveCfg = Debug|Any CPU
		{F518EEFF-0AE4-4D13-8BB2-ED3440BCA456}.Debug|Any CPU.Build.0 = Debug|Any CPU
		{F518EEFF-0AE4-4D13-8BB2-ED3440BCA456}.Release|Any CPU.ActiveCfg = Release|Any CPU
		{F518EEFF-0AE4-4D13-8BB2-ED3440BCA456}.Release|Any CPU.Build.0 = Release|Any CPU
		{9FF4E26D-0B36-4591-8913-4EB2FED48068}.Debug|Any CPU.ActiveCfg = Debug|Any CPU
		{9FF4E26D-0B36-4591-8913-4EB2FED48068}.Debug|Any CPU.Build.0 = Debug|Any CPU
		{9FF4E26D-0B36-4591-8913-4EB2FED48068}.Release|Any CPU.ActiveCfg = Release|Any CPU
		{9FF4E26D-0B36-4591-8913-4EB2FED48068}.Release|Any CPU.Build.0 = Release|Any CPU
		{36959527-5E7A-4DDE-A228-D55485F9D8C6}.Debug|Any CPU.ActiveCfg = Debug|Any CPU
		{36959527-5E7A-4DDE-A228-D55485F9D8C6}.Debug|Any CPU.Build.0 = Debug|Any CPU
		{36959527-5E7A-4DDE-A228-D55485F9D8C6}.Release|Any CPU.ActiveCfg = Release|Any CPU
		{36959527-5E7A-4DDE-A228-D55485F9D8C6}.Release|Any CPU.Build.0 = Release|Any CPU
	EndGlobalSection
	GlobalSection(SolutionProperties) = preSolution
		HideSolutionNode = FALSE
	EndGlobalSection
	GlobalSection(ExtensibilityGlobals) = postSolution
		SolutionGuid = {A06DBB36-198D-46B8-B6B4-EB442F69E827}
	EndGlobalSection
EndGlobal
